
Microsoft Visual Studio Solution File, Format Version 12.00
Project("{FAE04EC0-301F-11D3-BF4B-00C04F79EFBC}") = "Bussy.Net", "Bussy.Net\Bussy.Net.csproj", "{E0F89313-6B94-439C-BB41-CA70141CDF3C}"
EndProject
Project("{FAE04EC0-301F-11D3-BF4B-00C04F79EFBC}") = "Bussy.Net.Test", "Bussy.Net.Test\Bussy.Net.Test.csproj", "{FC4C81F6-2CA7-4EC1-8DF9-D3C76A5A3ED0}"
EndProject
Project("{FAE04EC0-301F-11D3-BF4B-00C04F79EFBC}") = "Bussy.Net.Transports.InMemory", "Bussy.Net.Transports.InMemory\Bussy.Net.Transports.InMemory.csproj", "{E0021E9F-BD84-483F-990F-5D662E4DF74F}"
EndProject
Project("{FAE04EC0-301F-11D3-BF4B-00C04F79EFBC}") = "Bussy.Net.Transports.RabbitMq", "Bussy.Net.Transports.RabbitMq\Bussy.Net.Transports.RabbitMq.csproj", "{9C1C3DBB-F0D3-4890-A085-DC8054991EFD}"
EndProject
Project("{2150E333-8FDC-42A3-9474-1A3956D46DE8}") = "SolutionItems", "SolutionItems", "{CD702376-4178-4951-AD7F-6680FC0B5DB4}"
	ProjectSection(SolutionItems) = preProject
		AGENTS.md = AGENTS.md
		global.json = global.json
		LICENSE = LICENSE
		README.md = README.md
	EndProjectSection
EndProject
Global
	GlobalSection(SolutionConfigurationPlatforms) = preSolution
		Debug|Any CPU = Debug|Any CPU
		Release|Any CPU = Release|Any CPU
	EndGlobalSection
	GlobalSection(ProjectConfigurationPlatforms) = postSolution
		{E0F89313-6B94-439C-BB41-CA70141CDF3C}.Debug|Any CPU.ActiveCfg = Debug|Any CPU
		{E0F89313-6B94-439C-BB41-CA70141CDF3C}.Debug|Any CPU.Build.0 = Debug|Any CPU
		{E0F89313-6B94-439C-BB41-CA70141CDF3C}.Release|Any CPU.ActiveCfg = Release|Any CPU
		{E0F89313-6B94-439C-BB41-CA70141CDF3C}.Release|Any CPU.Build.0 = Release|Any CPU
		{FC4C81F6-2CA7-4EC1-8DF9-D3C76A5A3ED0}.Debug|Any CPU.ActiveCfg = Debug|Any CPU
		{FC4C81F6-2CA7-4EC1-8DF9-D3C76A5A3ED0}.Debug|Any CPU.Build.0 = Debug|Any CPU
		{FC4C81F6-2CA7-4EC1-8DF9-D3C76A5A3ED0}.Release|Any CPU.ActiveCfg = Release|Any CPU
		{FC4C81F6-2CA7-4EC1-8DF9-D3C76A5A3ED0}.Release|Any CPU.Build.0 = Release|Any CPU
		{E0021E9F-BD84-483F-990F-5D662E4DF74F}.Debug|Any CPU.ActiveCfg = Debug|Any CPU
		{E0021E9F-BD84-483F-990F-5D662E4DF74F}.Debug|Any CPU.Build.0 = Debug|Any CPU
		{E0021E9F-BD84-483F-990F-5D662E4DF74F}.Release|Any CPU.ActiveCfg = Release|Any CPU
		{E0021E9F-BD84-483F-990F-5D662E4DF74F}.Release|Any CPU.Build.0 = Release|Any CPU
		{9C1C3DBB-F0D3-4890-A085-DC8054991EFD}.Debug|Any CPU.ActiveCfg = Debug|Any CPU
		{9C1C3DBB-F0D3-4890-A085-DC8054991EFD}.Debug|Any CPU.Build.0 = Debug|Any CPU
		{9C1C3DBB-F0D3-4890-A085-DC8054991EFD}.Release|Any CPU.ActiveCfg = Release|Any CPU
		{9C1C3DBB-F0D3-4890-A085-DC8054991EFD}.Release|Any CPU.Build.0 = Release|Any CPU
	EndGlobalSection
EndGlobal
